
Microsoft Visual Studio Solution File, Format Version 12.00
Project("{8BC9CEB8-8B4A-11D0-8D11-00A0C91BC942}") = "steamipc", "steamipc\steamipc.vcxproj", "{41676CB0-B6E0-4DD2-9ED7-8AF52F380F89}"
EndProject
Global
	GlobalSection(SolutionConfigurationPlatforms) = preSolution
		Debug|Win32 = Debug|Win32
		Debug|x64 = Debug|x64
		Release|Win32 = Release|Win32
		Release|x64 = Release|x64
	EndGlobalSection
	GlobalSection(ProjectConfigurationPlatforms) = postSolution
		{41676CB0-B6E0-4DD2-9ED7-8AF52F380F89}.Debug|Win32.ActiveCfg = Debug|Win32
		{41676CB0-B6E0-4DD2-9ED7-8AF52F380F89}.Debug|Win32.Build.0 = Debug|Win32
		{41676CB0-B6E0-4DD2-9ED7-8AF52F380F89}.Debug|x64.ActiveCfg = Debug|x64
		{41676CB0-B6E0-4DD2-9ED7-8AF52F380F89}.Debug|x64.Build.0 = Debug|x64
		{41676CB0-B6E0-4DD2-9ED7-8AF52F380F89}.Release|Win32.ActiveCfg = Release|Win32
		{41676CB0-B6E0-4DD2-9ED7-8AF52F380F89}.Release|Win32.Build.0 = Release|Win32
		{41676CB0-B6E0-4DD2-9ED7-8AF52F380F89}.Release|x64.ActiveCfg = Release|x64
		{41676CB0-B6E0-4DD2-9ED7-8AF52F380F89}.Release|x64.Build.0 = Release|x64
	EndGlobalSection
EndGlobal
